
Microsoft Visual Studio Solution File, Format Version 12.00
# Visual Studio Version 16
VisualStudioVersion = 16.0.30011.22
MinimumVisualStudioVersion = 10.0.40219.1
Project("{888888A0-9F3D-457C-B088-3A5042F75D52}") = "PythonExercises", "PythonExercises.pyproj", "{CE618AD1-4DD2-493A-A724-3146074FDFFC}"
EndProject
Global
	GlobalSection(SolutionConfigurationPlatforms) = preSolution
		Debug|Any CPU = Debug|Any CPU
		Release|Any CPU = Release|Any CPU
	EndGlobalSection
	GlobalSection(ProjectConfigurationPlatforms) = postSolution
		{CE618AD1-4DD2-493A-A724-3146074FDFFC}.Debug|Any CPU.ActiveCfg = Debug|Any CPU
		{CE618AD1-4DD2-493A-A724-3146074FDFFC}.Release|Any CPU.ActiveCfg = Release|Any CPU
	EndGlobalSection
	GlobalSection(SolutionProperties) = preSolution
		HideSolutionNode = FALSE
	EndGlobalSection
	GlobalSection(ExtensibilityGlobals) = postSolution
		SolutionGuid = {38BC5E63-4B3B-41F1-BD64-223D24BCE8B4}
	EndGlobalSection
EndGlobal
