
Microsoft Visual Studio Solution File, Format Version 12.00
# Visual Studio Version 16
VisualStudioVersion = 16.0.30011.22
MinimumVisualStudioVersion = 10.0.40219.1
Project("{888888A0-9F3D-457C-B088-3A5042F75D52}") = "PythonTestProgram", "PythonTestProgram.pyproj", "{E922994D-E53F-4156-BE3A-EE892C0C4421}"
EndProject
Global
	GlobalSection(SolutionConfigurationPlatforms) = preSolution
		Debug|Any CPU = Debug|Any CPU
		Release|Any CPU = Release|Any CPU
	EndGlobalSection
	GlobalSection(ProjectConfigurationPlatforms) = postSolution
		{E922994D-E53F-4156-BE3A-EE892C0C4421}.Debug|Any CPU.ActiveCfg = Debug|Any CPU
		{E922994D-E53F-4156-BE3A-EE892C0C4421}.Release|Any CPU.ActiveCfg = Release|Any CPU
	EndGlobalSection
	GlobalSection(SolutionProperties) = preSolution
		HideSolutionNode = FALSE
	EndGlobalSection
	GlobalSection(ExtensibilityGlobals) = postSolution
		SolutionGuid = {4E00EAD8-14E7-49B8-AE58-E6F565506A8B}
	EndGlobalSection
EndGlobal
